
Microsoft Visual Studio Solution File, Format Version 12.00
# Visual Studio Version 17
VisualStudioVersion = 17.2.32630.192
MinimumVisualStudioVersion = 10.0.40219.1
Project("{9A19103F-16F7-4668-BE54-9A1E7A4F7556}") = "Task_1", "Task_1\Task_1.csproj", "{1749685D-5EE5-41A3-AC14-558A78BEA919}"
EndProject
Project("{FAE04EC0-301F-11D3-BF4B-00C04F79EFBC}") = "Task_2", "Task_2\Task_2.csproj", "{7C188E1C-7F2D-40D2-AF2B-06BC350CDA87}"
EndProject
Global
	GlobalSection(SolutionConfigurationPlatforms) = preSolution
		Debug|Any CPU = Debug|Any CPU
		Release|Any CPU = Release|Any CPU
	EndGlobalSection
	GlobalSection(ProjectConfigurationPlatforms) = postSolution
		{1749685D-5EE5-41A3-AC14-558A78BEA919}.Debug|Any CPU.ActiveCfg = Debug|Any CPU
		{1749685D-5EE5-41A3-AC14-558A78BEA919}.Debug|Any CPU.Build.0 = Debug|Any CPU
		{1749685D-5EE5-41A3-AC14-558A78BEA919}.Release|Any CPU.ActiveCfg = Release|Any CPU
		{1749685D-5EE5-41A3-AC14-558A78BEA919}.Release|Any CPU.Build.0 = Release|Any CPU
		{7C188E1C-7F2D-40D2-AF2B-06BC350CDA87}.Debug|Any CPU.ActiveCfg = Debug|Any CPU
		{7C188E1C-7F2D-40D2-AF2B-06BC350CDA87}.Debug|Any CPU.Build.0 = Debug|Any CPU
		{7C188E1C-7F2D-40D2-AF2B-06BC350CDA87}.Release|Any CPU.ActiveCfg = Release|Any CPU
		{7C188E1C-7F2D-40D2-AF2B-06BC350CDA87}.Release|Any CPU.Build.0 = Release|Any CPU
	EndGlobalSection
	GlobalSection(SolutionProperties) = preSolution
		HideSolutionNode = FALSE
	EndGlobalSection
	GlobalSection(ExtensibilityGlobals) = postSolution
		SolutionGuid = {A3E69E55-4DA8-4135-BA44-B6C33D0536E1}
	EndGlobalSection
EndGlobal
